{
  "name": "AxieProject",
  "lockfileVersion": 2,
  "requires": true,
  "packages": {
    "": {
      "dependencies": {
        "flag-icons": "^5.0.3"
      }
    },
    "node_modules/flag-icons": {
      "version": "5.0.3",
      "resolved": "https://registry.npmjs.org/flag-icons/-/flag-icons-5.0.3.tgz",
      "integrity": "sha512-3lP0dI99oMlxFpFFra/GxcSWxWQylIev7Fd0uRDZGut3LN54TFmwOs5fH51ldwfH2bWSRuJfmmWfGq3YAb91rA=="
    }
  },
  "dependencies": {
    "flag-icons": {
      "version": "5.0.3",
      "resolved": "https://registry.npmjs.org/flag-icons/-/flag-icons-5.0.3.tgz",
      "integrity": "sha512-3lP0dI99oMlxFpFFra/GxcSWxWQylIev7Fd0uRDZGut3LN54TFmwOs5fH51ldwfH2bWSRuJfmmWfGq3YAb91rA=="
    }
  }
}
